# This file is generated by running "yarn install" inside your project.
# Manual changes might be lost - proceed with caution!

__metadata:
  version: 5
  cacheKey: 8

"quiz-enhancer@workspace:.":
  version: 0.0.0-use.local
  resolution: "quiz-enhancer@workspace:."
  dependencies:
    typescript: next
  languageName: unknown
  linkType: soft

"typescript@npm:next":
  version: 4.7.0-dev.20220217
  resolution: "typescript@npm:4.7.0-dev.20220217"
  bin:
    tsc: bin/tsc
    tsserver: bin/tsserver
  checksum: b3a8d581d1b11e12b2111cd1baf91f984baa5c0935522dcf65428ca46b730673d6320abbd353692ea886018e9c3af6bc7bad29c18e31e7c637565f1bfc360f4a
  languageName: node
  linkType: hard

"typescript@patch:typescript@next#~builtin<compat/typescript>":
  version: 4.7.0-dev.20220217
  resolution: "typescript@patch:typescript@npm%3A4.7.0-dev.20220217#~builtin<compat/typescript>::version=4.7.0-dev.20220217&hash=493e53"
  bin:
    tsc: bin/tsc
    tsserver: bin/tsserver
  checksum: 1eefd63aa6df7fdefb37d0818a943916d8db6b514244e07b81609c2ef78a9d3d248154d35bcbf58bf74f407bfbcb4186a94b2a12d810ac149f9accabb0572d48
  languageName: node
  linkType: hard
